
Microsoft Visual Studio Solution File, Format Version 12.00
Project("{FAE04EC0-301F-11D3-BF4B-00C04F79EFBC}") = "BSPParser", "BSPParser\BSPParser.csproj", "{42200926-9B4E-42F6-A887-412FA0CC808A}"
EndProject
Global
	GlobalSection(SolutionConfigurationPlatforms) = preSolution
		Debug|Any CPU = Debug|Any CPU
		Release|Any CPU = Release|Any CPU
	EndGlobalSection
	GlobalSection(ProjectConfigurationPlatforms) = postSolution
		{42200926-9B4E-42F6-A887-412FA0CC808A}.Debug|Any CPU.ActiveCfg = Debug|Any CPU
		{42200926-9B4E-42F6-A887-412FA0CC808A}.Debug|Any CPU.Build.0 = Debug|Any CPU
		{42200926-9B4E-42F6-A887-412FA0CC808A}.Release|Any CPU.ActiveCfg = Release|Any CPU
		{42200926-9B4E-42F6-A887-412FA0CC808A}.Release|Any CPU.Build.0 = Release|Any CPU
	EndGlobalSection
EndGlobal
